
Microsoft Visual Studio Solution File, Format Version 12.00
# Visual Studio Version 16
VisualStudioVersion = 16.0.32002.261
MinimumVisualStudioVersion = 10.0.40219.1
Project("{FAE04EC0-301F-11D3-BF4B-00C04F79EFBC}") = "BarcodeScanner2.Android", "BarcodeScanner2\BarcodeScanner2.Android\BarcodeScanner2.Android.csproj", "{DF8B973F-5EA8-4054-8B26-D2CAB97929C6}"
EndProject
Project("{FAE04EC0-301F-11D3-BF4B-00C04F79EFBC}") = "BarcodeScanner2", "BarcodeScanner2\BarcodeScanner2\BarcodeScanner2.csproj", "{F44B2BD4-CDD3-4E4F-84C3-3CFF675EFC09}"
EndProject
Global
	GlobalSection(SolutionConfigurationPlatforms) = preSolution
		Debug|Any CPU = Debug|Any CPU
		Release|Any CPU = Release|Any CPU
	EndGlobalSection
	GlobalSection(ProjectConfigurationPlatforms) = postSolution
		{DF8B973F-5EA8-4054-8B26-D2CAB97929C6}.Debug|Any CPU.ActiveCfg = Debug|Any CPU
		{DF8B973F-5EA8-4054-8B26-D2CAB97929C6}.Debug|Any CPU.Build.0 = Debug|Any CPU
		{DF8B973F-5EA8-4054-8B26-D2CAB97929C6}.Debug|Any CPU.Deploy.0 = Debug|Any CPU
		{DF8B973F-5EA8-4054-8B26-D2CAB97929C6}.Release|Any CPU.ActiveCfg = Release|Any CPU
		{DF8B973F-5EA8-4054-8B26-D2CAB97929C6}.Release|Any CPU.Build.0 = Release|Any CPU
		{DF8B973F-5EA8-4054-8B26-D2CAB97929C6}.Release|Any CPU.Deploy.0 = Release|Any CPU
		{F44B2BD4-CDD3-4E4F-84C3-3CFF675EFC09}.Debug|Any CPU.ActiveCfg = Debug|Any CPU
		{F44B2BD4-CDD3-4E4F-84C3-3CFF675EFC09}.Debug|Any CPU.Build.0 = Debug|Any CPU
		{F44B2BD4-CDD3-4E4F-84C3-3CFF675EFC09}.Debug|Any CPU.Deploy.0 = Debug|Any CPU
		{F44B2BD4-CDD3-4E4F-84C3-3CFF675EFC09}.Release|Any CPU.ActiveCfg = Release|Any CPU
		{F44B2BD4-CDD3-4E4F-84C3-3CFF675EFC09}.Release|Any CPU.Build.0 = Release|Any CPU
		{F44B2BD4-CDD3-4E4F-84C3-3CFF675EFC09}.Release|Any CPU.Deploy.0 = Release|Any CPU
	EndGlobalSection
	GlobalSection(SolutionProperties) = preSolution
		HideSolutionNode = FALSE
	EndGlobalSection
	GlobalSection(ExtensibilityGlobals) = postSolution
		SolutionGuid = {BA370239-A9C7-4D6E-BE5B-795F29CA3D6D}
	EndGlobalSection
EndGlobal
